# @generated by Move, please check-in and do not edit manually.

[move]
version = 2
manifest_digest = "1C923639884C4BE5F02BFBB29F06A0CDD5829760513D6E98C5CE12FED1B13BF9"
deps_digest = "F8BBB0CCB2491CA29A3DF03D6F92277A4F3574266507ACD77214D37ECA3F3082"
dependencies = [
  { name = "Sui" },
]

[[move.package]]
name = "MoveStdlib"
source = { git = "https://github.com/MystenLabs/sui.git", rev = "framework/testnet", subdir = "crates/sui-framework/packages/move-stdlib" }

[[move.package]]
name = "Sui"
source = { git = "https://github.com/MystenLabs/sui.git", rev = "framework/testnet", subdir = "crates/sui-framework/packages/sui-framework" }

dependencies = [
  { name = "MoveStdlib" },
]

[move.toolchain-version]
compiler-version = "1.27.2"
edition = "2024.beta"
flavor = "sui"

[env]

[env.testnet]
chain-id = "4c78adac"
original-published-id = "0xefca10ec124b90cf1aad7dfb4ca402b462e52f12e68b77d83073699e6ba71603"
latest-published-id = "0xefca10ec124b90cf1aad7dfb4ca402b462e52f12e68b77d83073699e6ba71603"
published-version = "1"
